// !$*UTF8*$!
{
	archiveVersion = 1;
	classes = {
	};
	objectVersion = 46;
	objects = {

/* Begin PBXBuildFile section */
		78B32DF71BD62E3A005EE7E2 /* AppDelegate.swift in Sources */ = {isa = PBXBuildFile; fileRef = 78B32DF61BD62E3A005EE7E2 /* AppDelegate.swift */; };
		78B32DF91BD62E3A005EE7E2 /* ViewController.swift in Sources */ = {isa = PBXBuildFile; fileRef = 78B32DF81BD62E3A005EE7E2 /* ViewController.swift */; };
		78B32DFC1BD62E3B005EE7E2 /* Main.storyboard in Resources */ = {isa = PBXBuildFile; fileRef = 78B32DFA1BD62E3B005EE7E2 /* Main.storyboard */; };
		78B32DFE1BD62E3B005EE7E2 /* Assets.xcassets in Resources */ = {isa = PBXBuildFile; fileRef = 78B32DFD1BD62E3B005EE7E2 /* Assets.xcassets */; };
		78B32E011BD62E3B005EE7E2 /* LaunchScreen.storyboard in Resources */ = {isa = PBXBuildFile; fileRef = 78B32DFF1BD62E3B005EE7E2 /* LaunchScreen.storyboard */; };
		78B32E0C1BD62E3B005EE7E2 /* NoteShareTests.swift in Sources */ = {isa = PBXBuildFile; fileRef = 78B32E0B1BD62E3B005EE7E2 /* NoteShareTests.swift */; };
		78B32E171BD62E3B005EE7E2 /* NoteShareUITests.swift in Sources */ = {isa = PBXBuildFile; fileRef = 78B32E161BD62E3B005EE7E2 /* NoteShareUITests.swift */; };
/* End PBXBuildFile section */

/* Begin PBXContainerItemProxy section */
		78B32E081BD62E3B005EE7E2 /* PBXContainerItemProxy */ = {
			isa = PBXContainerItemProxy;
			containerPortal = 78B32DEB1BD62E3A005EE7E2 /* Project object */;
			proxyType = 1;
			remoteGlobalIDString = 78B32DF21BD62E3A005EE7E2;
			remoteInfo = NoteShare;
		};
		78B32E131BD62E3B005EE7E2 /* PBXContainerItemProxy */ = {
			isa = PBXContainerItemProxy;
			containerPortal = 78B32DEB1BD62E3A005EE7E2 /* Project object */;
			proxyType = 1;
			remoteGlobalIDString = 78B32DF21BD62E3A005EE7E2;
			remoteInfo = NoteShare;
		};
/* End PBXContainerItemProxy section */

/* Begin PBXFileReference section */
		78B32DF31BD62E3A005EE7E2 /* NoteShare.app */ = {isa = PBXFileReference; explicitFileType = wrapper.application; includeInIndex = 0; path = NoteShare.app; sourceTree = BUILT_PRODUCTS_DIR; };
		78B32DF61BD62E3A005EE7E2 /* AppDelegate.swift */ = {isa = PBXFileReference; lastKnownFileType = sourcecode.swift; path = AppDelegate.swift; sourceTree = "<group>"; };
		78B32DF81BD62E3A005EE7E2 /* ViewController.swift */ = {isa = PBXFileReference; lastKnownFileType = sourcecode.swift; path = ViewController.swift; sourceTree = "<group>"; };
		78B32DFB1BD62E3B005EE7E2 /* Base */ = {isa = PBXFileReference; lastKnownFileType = file.storyboard; name = Base; path = Base.lproj/Main.storyboard; sourceTree = "<group>"; };
		78B32DFD1BD62E3B005EE7E2 /* Assets.xcassets */ = {isa = PBXFileReference; lastKnownFileType = folder.assetcatalog; path = Assets.xcassets; sourceTree = "<group>"; };
		78B32E001BD62E3B005EE7E2 /* Base */ = {isa = PBXFileReference; lastKnownFileType = file.storyboard; name = Base; path = Base.lproj/LaunchScreen.storyboard; sourceTree = "<group>"; };
		78B32E021BD62E3B005EE7E2 /* Info.plist */ = {isa = PBXFileReference; lastKnownFileType = text.plist.xml; path = Info.plist; sourceTree = "<group>"; };
		78B32E071BD62E3B005EE7E2 /* NoteShareTests.xctest */ = {isa = PBXFileReference; explicitFileType = wrapper.cfbundle; includeInIndex = 0; path = NoteShareTests.xctest; sourceTree = BUILT_PRODUCTS_DIR; };
		78B32E0B1BD62E3B005EE7E2 /* NoteShareTests.swift */ = {isa = PBXFileReference; lastKnownFileType = sourcecode.swift; path = NoteShareTests.swift; sourceTree = "<group>"; };
		78B32E0D1BD62E3B005EE7E2 /* Info.plist */ = {isa = PBXFileReference; lastKnownFileType = text.plist.xml; path = Info.plist; sourceTree = "<group>"; };
		78B32E121BD62E3B005EE7E2 /* NoteShareUITests.xctest */ = {isa = PBXFileReference; explicitFileType = wrapper.cfbundle; includeInIndex = 0; path = NoteShareUITests.xctest; sourceTree = BUILT_PRODUCTS_DIR; };
		78B32E161BD62E3B005EE7E2 /* NoteShareUITests.swift */ = {isa = PBXFileReference; lastKnownFileType = sourcecode.swift; path = NoteShareUITests.swift; sourceTree = "<group>"; };
		78B32E181BD62E3B005EE7E2 /* Info.plist */ = {isa = PBXFileReference; lastKnownFileType = text.plist.xml; path = Info.plist; sourceTree = "<group>"; };
/* End PBXFileReference section */

/* Begin PBXFrameworksBuildPhase section */
		78B32DF01BD62E3A005EE7E2 /* Frameworks */ = {
			isa = PBXFrameworksBuildPhase;
			buildActionMask = 2147483647;
			files = (
			);
			runOnlyForDeploymentPostprocessing = 0;
		};
		78B32E041BD62E3B005EE7E2 /* Frameworks */ = {
			isa = PBXFrameworksBuildPhase;
			buildActionMask = 2147483647;
			files = (
			);
			runOnlyForDeploymentPostprocessing = 0;
		};
		78B32E0F1BD62E3B005EE7E2 /* Frameworks */ = {
			isa = PBXFrameworksBuildPhase;
			buildActionMask = 2147483647;
			files = (
			);
			runOnlyForDeploymentPostprocessing = 0;
		};
/* End PBXFrameworksBuildPhase section */

/* Begin PBXGroup section */
		78B32DEA1BD62E3A005EE7E2 = {
			isa = PBXGroup;
			children = (
				78B32DF51BD62E3A005EE7E2 /* NoteShare */,
				78B32E0A1BD62E3B005EE7E2 /* NoteShareTests */,
				78B32E151BD62E3B005EE7E2 /* NoteShareUITests */,
				78B32DF41BD62E3A005EE7E2 /* Products */,
			);
			sourceTree = "<group>";
		};
		78B32DF41BD62E3A005EE7E2 /* Products */ = {
			isa = PBXGroup;
			children = (
				78B32DF31BD62E3A005EE7E2 /* NoteShare.app */,
				78B32E071BD62E3B005EE7E2 /* NoteShareTests.xctest */,
				78B32E121BD62E3B005EE7E2 /* NoteShareUITests.xctest */,
			);
			name = Products;
			sourceTree = "<group>";
		};
		78B32DF51BD62E3A005EE7E2 /* NoteShare */ = {
			isa = PBXGroup;
			children = (
				78B32DF61BD62E3A005EE7E2 /* AppDelegate.swift */,
				78B32DF81BD62E3A005EE7E2 /* ViewController.swift */,
				78B32DFA1BD62E3B005EE7E2 /* Main.storyboard */,
				78B32DFD1BD62E3B005EE7E2 /* Assets.xcassets */,
				78B32DFF1BD62E3B005EE7E2 /* LaunchScreen.storyboard */,
				78B32E021BD62E3B005EE7E2 /* Info.plist */,
			);
			path = NoteShare;
			sourceTree = "<group>";
		};
		78B32E0A1BD62E3B005EE7E2 /* NoteShareTests */ = {
			isa = PBXGroup;
			children = (
				78B32E0B1BD62E3B005EE7E2 /* NoteShareTests.swift */,
				78B32E0D1BD62E3B005EE7E2 /* Info.plist */,
			);
			path = NoteShareTests;
			sourceTree = "<group>";
		};
		78B32E151BD62E3B005EE7E2 /* NoteShareUITests */ = {
			isa = PBXGroup;
			children = (
				78B32E161BD62E3B005EE7E2 /* NoteShareUITests.swift */,
				78B32E181BD62E3B005EE7E2 /* Info.plist */,
			);
			path = NoteShareUITests;
			sourceTree = "<group>";
		};
/* End PBXGroup section */

/* Begin PBXNativeTarget section */
		78B32DF21BD62E3A005EE7E2 /* NoteShare */ = {
			isa = PBXNativeTarget;
			buildConfigurationList = 78B32E1B1BD62E3B005EE7E2 /* Build configuration list for PBXNativeTarget "NoteShare" */;
			buildPhases = (
				78B32DEF1BD62E3A005EE7E2 /* Sources */,
				78B32DF01BD62E3A005EE7E2 /* Frameworks */,
				78B32DF11BD62E3A005EE7E2 /* Resources */,
			);
			buildRules = (
			);
			dependencies = (
			);
			name = NoteShare;
			productName = NoteShare;
			productReference = 78B32DF31BD62E3A005EE7E2 /* NoteShare.app */;
			productType = "com.apple.product-type.application";
		};
		78B32E061BD62E3B005EE7E2 /* NoteShareTests */ = {
			isa = PBXNativeTarget;
			buildConfigurationList = 78B32E1E1BD62E3B005EE7E2 /* Build configuration list for PBXNativeTarget "NoteShareTests" */;
			buildPhases = (
				78B32E031BD62E3B005EE7E2 /* Sources */,
				78B32E041BD62E3B005EE7E2 /* Frameworks */,
				78B32E051BD62E3B005EE7E2 /* Resources */,
			);
			buildRules = (
			);
			dependencies = (
				78B32E091BD62E3B005EE7E2 /* PBXTargetDependency */,
			);
			name = NoteShareTests;
			productName = NoteShareTests;
			productReference = 78B32E071BD62E3B005EE7E2 /* NoteShareTests.xctest */;
			productType = "com.apple.product-type.bundle.unit-test";
		};
		78B32E111BD62E3B005EE7E2 /* NoteShareUITests */ = {
			isa = PBXNativeTarget;
			buildConfigurationList = 78B32E211BD62E3B005EE7E2 /* Build configuration list for PBXNativeTarget "NoteShareUITests" */;
			buildPhases = (
				78B32E0E1BD62E3B005EE7E2 /* Sources */,
				78B32E0F1BD62E3B005EE7E2 /* Frameworks */,
				78B32E101BD62E3B005EE7E2 /* Resources */,
			);
			buildRules = (
			);
			dependencies = (
				78B32E141BD62E3B005EE7E2 /* PBXTargetDependency */,
			);
			name = NoteShareUITests;
			productName = NoteShareUITests;
			productReference = 78B32E121BD62E3B005EE7E2 /* NoteShareUITests.xctest */;
			productType = "com.apple.product-type.bundle.ui-testing";
		};
/* End PBXNativeTarget section */

/* Begin PBXProject section */
		78B32DEB1BD62E3A005EE7E2 /* Project object */ = {
			isa = PBXProject;
			attributes = {
				LastUpgradeCheck = 0700;
				ORGANIZATIONNAME = "Tushar Sachde";
				TargetAttributes = {
					78B32DF21BD62E3A005EE7E2 = {
						CreatedOnToolsVersion = 7.0;
					};
					78B32E061BD62E3B005EE7E2 = {
						CreatedOnToolsVersion = 7.0;
						TestTargetID = 78B32DF21BD62E3A005EE7E2;
					};
					78B32E111BD62E3B005EE7E2 = {
						CreatedOnToolsVersion = 7.0;
						TestTargetID = 78B32DF21BD62E3A005EE7E2;
					};
				};
			};
			buildConfigurationList = 78B32DEE1BD62E3A005EE7E2 /* Build configuration list for PBXProject "NoteShare" */;
			compatibilityVersion = "Xcode 3.2";
			developmentRegion = English;
			hasScannedForEncodings = 0;
			knownRegions = (
				en,
				Base,
			);
			mainGroup = 78B32DEA1BD62E3A005EE7E2;
			productRefGroup = 78B32DF41BD62E3A005EE7E2 /* Products */;
			projectDirPath = "";
			projectRoot = "";
			targets = (
				78B32DF21BD62E3A005EE7E2 /* NoteShare */,
				78B32E061BD62E3B005EE7E2 /* NoteShareTests */,
				78B32E111BD62E3B005EE7E2 /* NoteShareUITests */,
			);
		};
/* End PBXProject section */

/* Begin PBXResourcesBuildPhase section */
		78B32DF11BD62E3A005EE7E2 /* Resources */ = {
			isa = PBXResourcesBuildPhase;
			buildActionMask = 2147483647;
			files = (
				78B32E011BD62E3B005EE7E2 /* LaunchScreen.storyboard in Resources */,
				78B32DFE1BD62E3B005EE7E2 /* Assets.xcassets in Resources */,
				78B32DFC1BD62E3B005EE7E2 /* Main.storyboard in Resources */,
			);
			runOnlyForDeploymentPostprocessing = 0;
		};
		78B32E051BD62E3B005EE7E2 /* Resources */ = {
			isa = PBXResourcesBuildPhase;
			buildActionMask = 2147483647;
			files = (
			);
			runOnlyForDeploymentPostprocessing = 0;
		};
		78B32E101BD62E3B005EE7E2 /* Resources */ = {
			isa = PBXResourcesBuildPhase;
			buildActionMask = 2147483647;
			files = (
			);
			runOnlyForDeploymentPostprocessing = 0;
		};
/* End PBXResourcesBuildPhase section */

/* Begin PBXSourcesBuildPhase section */
		78B32DEF1BD62E3A005EE7E2 /* Sources */ = {
			isa = PBXSourcesBuildPhase;
			buildActionMask = 2147483647;
			files = (
				78B32DF91BD62E3A005EE7E2 /* ViewController.swift in Sources */,
				78B32DF71BD62E3A005EE7E2 /* AppDelegate.swift in Sources */,
			);
			runOnlyForDeploymentPostprocessing = 0;
		};
		78B32E031BD62E3B005EE7E2 /* Sources */ = {
			isa = PBXSourcesBuildPhase;
			buildActionMask = 2147483647;
			files = (
				78B32E0C1BD62E3B005EE7E2 /* NoteShareTests.swift in Sources */,
			);
			runOnlyForDeploymentPostprocessing = 0;
		};
		78B32E0E1BD62E3B005EE7E2 /* Sources */ = {
			isa = PBXSourcesBuildPhase;
			buildActionMask = 2147483647;
			files = (
				78B32E171BD62E3B005EE7E2 /* NoteShareUITests.swift in Sources */,
			);
			runOnlyForDeploymentPostprocessing = 0;
		};
/* End PBXSourcesBuildPhase section */

/* Begin PBXTargetDependency section */
		78B32E091BD62E3B005EE7E2 /* PBXTargetDependency */ = {
			isa = PBXTargetDependency;
			target = 78B32DF21BD62E3A005EE7E2 /* NoteShare */;
			targetProxy = 78B32E081BD62E3B005EE7E2 /* PBXContainerItemProxy */;
		};
		78B32E141BD62E3B005EE7E2 /* PBXTargetDependency */ = {
			isa = PBXTargetDependency;
			target = 78B32DF21BD62E3A005EE7E2 /* NoteShare */;
			targetProxy = 78B32E131BD62E3B005EE7E2 /* PBXContainerItemProxy */;
		};
/* End PBXTargetDependency section */

/* Begin PBXVariantGroup section */
		78B32DFA1BD62E3B005EE7E2 /* Main.storyboard */ = {
			isa = PBXVariantGroup;
			children = (
				78B32DFB1BD62E3B005EE7E2 /* Base */,
			);
			name = Main.storyboard;
			sourceTree = "<group>";
		};
		78B32DFF1BD62E3B005EE7E2 /* LaunchScreen.storyboard */ = {
			isa = PBXVariantGroup;
			children = (
				78B32E001BD62E3B005EE7E2 /* Base */,
			);
			name = LaunchScreen.storyboard;
			sourceTree = "<group>";
		};
/* End PBXVariantGroup section */

/* Begin XCBuildConfiguration section */
		78B32E191BD62E3B005EE7E2 /* Debug */ = {
			isa = XCBuildConfiguration;
			buildSettings = {
				ALWAYS_SEARCH_USER_PATHS = NO;
				CLANG_CXX_LANGUAGE_STANDARD = "gnu++0x";
				CLANG_CXX_LIBRARY = "libc++";
				CLANG_ENABLE_MODULES = YES;
				CLANG_ENABLE_OBJC_ARC = YES;
				CLANG_WARN_BOOL_CONVERSION = YES;
				CLANG_WARN_CONSTANT_CONVERSION = YES;
				CLANG_WARN_DIRECT_OBJC_ISA_USAGE = YES_ERROR;
				CLANG_WARN_EMPTY_BODY = YES;
				CLANG_WARN_ENUM_CONVERSION = YES;
				CLANG_WARN_INT_CONVERSION = YES;
				CLANG_WARN_OBJC_ROOT_CLASS = YES_ERROR;
				CLANG_WARN_UNREACHABLE_CODE = YES;
				CLANG_WARN__DUPLICATE_METHOD_MATCH = YES;
				"CODE_SIGN_IDENTITY[sdk=iphoneos*]" = "iPhone Developer";
				COPY_PHASE_STRIP = NO;
				DEBUG_INFORMATION_FORMAT = dwarf;
				ENABLE_STRICT_OBJC_MSGSEND = YES;
				ENABLE_TESTABILITY = YES;
				GCC_C_LANGUAGE_STANDARD = gnu99;
				GCC_DYNAMIC_NO_PIC = NO;
				GCC_NO_COMMON_BLOCKS = YES;
				GCC_OPTIMIZATION_LEVEL = 0;
				GCC_PREPROCESSOR_DEFINITIONS = (
					"DEBUG=1",
					"$(inherited)",
				);
				GCC_WARN_64_TO_32_BIT_CONVERSION = YES;
				GCC_WARN_ABOUT_RETURN_TYPE = YES_ERROR;
				GCC_WARN_UNDECLARED_SELECTOR = YES;
				GCC_WARN_UNINITIALIZED_AUTOS = YES_AGGRESSIVE;
				GCC_WARN_UNUSED_FUNCTION = YES;
				GCC_WARN_UNUSED_VARIABLE = YES;
				IPHONEOS_DEPLOYMENT_TARGET = 9.0;
				MTL_ENABLE_DEBUG_INFO = YES;
				ONLY_ACTIVE_ARCH = YES;
				SDKROOT = iphoneos;
				SWIFT_OPTIMIZATION_LEVEL = "-Onone";
				TARGETED_DEVICE_FAMILY = "1,2";
			};
			name = Debug;
		};
		78B32E1A1BD62E3B005EE7E2 /* Release */ = {
			isa = XCBuildConfiguration;
			buildSettings = {
				ALWAYS_SEARCH_USER_PATHS = NO;
				CLANG_CXX_LANGUAGE_STANDARD = "gnu++0x";
				CLANG_CXX_LIBRARY = "libc++";
				CLANG_ENABLE_MODULES = YES;
				CLANG_ENABLE_OBJC_ARC = YES;
				CLANG_WARN_BOOL_CONVERSION = YES;
				CLANG_WARN_CONSTANT_CONVERSION = YES;
				CLANG_WARN_DIRECT_OBJC_ISA_USAGE = YES_ERROR;
				CLANG_WARN_EMPTY_BODY = YES;
				CLANG_WARN_ENUM_CONVERSION = YES;
				CLANG_WARN_INT_CONVERSION = YES;
				CLANG_WARN_OBJC_ROOT_CLASS = YES_ERROR;
				CLANG_WARN_UNREACHABLE_CODE = YES;
				CLANG_WARN__DUPLICATE_METHOD_MATCH = YES;
				"CODE_SIGN_IDENTITY[sdk=iphoneos*]" = "iPhone Developer";
				COPY_PHASE_STRIP = NO;
				DEBUG_INFORMATION_FORMAT = "dwarf-with-dsym";
				ENABLE_NS_ASSERTIONS = NO;
				ENABLE_STRICT_OBJC_MSGSEND = YES;
				GCC_C_LANGUAGE_STANDARD = gnu99;
				GCC_NO_COMMON_BLOCKS = YES;
				GCC_WARN_64_TO_32_BIT_CONVERSION = YES;
				GCC_WARN_ABOUT_RETURN_TYPE = YES_ERROR;
				GCC_WARN_UNDECLARED_SELECTOR = YES;
				GCC_WARN_UNINITIALIZED_AUTOS = YES_AGGRESSIVE;
				GCC_WARN_UNUSED_FUNCTION = YES;
				GCC_WARN_UNUSED_VARIABLE = YES;
				IPHONEOS_DEPLOYMENT_TARGET = 9.0;
				MTL_ENABLE_DEBUG_INFO = NO;
				SDKROOT = iphoneos;
				TARGETED_DEVICE_FAMILY = "1,2";
				VALIDATE_PRODUCT = YES;
			};
			name = Release;
		};
		78B32E1C1BD62E3B005EE7E2 /* Debug */ = {
			isa = XCBuildConfiguration;
			buildSettings = {
				ASSETCATALOG_COMPILER_APPICON_NAME = AppIcon;
				INFOPLIST_FILE = NoteShare/Info.plist;
				LD_RUNPATH_SEARCH_PATHS = "$(inherited) @executable_path/Frameworks";
				PRODUCT_BUNDLE_IDENTIFIER = com.wohlig.NoteShare;
				PRODUCT_NAME = "$(TARGET_NAME)";
			};
			name = Debug;
		};
		78B32E1D1BD62E3B005EE7E2 /* Release */ = {
			isa = XCBuildConfiguration;
			buildSettings = {
				ASSETCATALOG_COMPILER_APPICON_NAME = AppIcon;
				INFOPLIST_FILE = NoteShare/Info.plist;
				LD_RUNPATH_SEARCH_PATHS = "$(inherited) @executable_path/Frameworks";
				PRODUCT_BUNDLE_IDENTIFIER = com.wohlig.NoteShare;
				PRODUCT_NAME = "$(TARGET_NAME)";
			};
			name = Release;
		};
		78B32E1F1BD62E3B005EE7E2 /* Debug */ = {
			isa = XCBuildConfiguration;
			buildSettings = {
				BUNDLE_LOADER = "$(TEST_HOST)";
				INFOPLIST_FILE = NoteShareTests/Info.plist;
				LD_RUNPATH_SEARCH_PATHS = "$(inherited) @executable_path/Frameworks @loader_path/Frameworks";
				PRODUCT_BUNDLE_IDENTIFIER = com.wohlig.NoteShareTests;
				PRODUCT_NAME = "$(TARGET_NAME)";
				TEST_HOST = "$(BUILT_PRODUCTS_DIR)/NoteShare.app/NoteShare";
			};
			name = Debug;
		};
		78B32E201BD62E3B005EE7E2 /* Release */ = {
			isa = XCBuildConfiguration;
			buildSettings = {
				BUNDLE_LOADER = "$(TEST_HOST)";
				INFOPLIST_FILE = NoteShareTests/Info.plist;
				LD_RUNPATH_SEARCH_PATHS = "$(inherited) @executable_path/Frameworks @loader_path/Frameworks";
				PRODUCT_BUNDLE_IDENTIFIER = com.wohlig.NoteShareTests;
				PRODUCT_NAME = "$(TARGET_NAME)";
				TEST_HOST = "$(BUILT_PRODUCTS_DIR)/NoteShare.app/NoteShare";
			};
			name = Release;
		};
		78B32E221BD62E3B005EE7E2 /* Debug */ = {
			isa = XCBuildConfiguration;
			buildSettings = {
				INFOPLIST_FILE = NoteShareUITests/Info.plist;
				LD_RUNPATH_SEARCH_PATHS = "$(inherited) @executable_path/Frameworks @loader_path/Frameworks";
				PRODUCT_BUNDLE_IDENTIFIER = com.wohlig.NoteShareUITests;
				PRODUCT_NAME = "$(TARGET_NAME)";
				TEST_TARGET_NAME = NoteShare;
				USES_XCTRUNNER = YES;
			};
			name = Debug;
		};
		78B32E231BD62E3B005EE7E2 /* Release */ = {
			isa = XCBuildConfiguration;
			buildSettings = {
				INFOPLIST_FILE = NoteShareUITests/Info.plist;
				LD_RUNPATH_SEARCH_PATHS = "$(inherited) @executable_path/Frameworks @loader_path/Frameworks";
				PRODUCT_BUNDLE_IDENTIFIER = com.wohlig.NoteShareUITests;
				PRODUCT_NAME = "$(TARGET_NAME)";
				TEST_TARGET_NAME = NoteShare;
				USES_XCTRUNNER = YES;
			};
			name = Release;
		};
/* End XCBuildConfiguration section */

/* Begin XCConfigurationList section */
		78B32DEE1BD62E3A005EE7E2 /* Build configuration list for PBXProject "NoteShare" */ = {
			isa = XCConfigurationList;
			buildConfigurations = (
				78B32E191BD62E3B005EE7E2 /* Debug */,
				78B32E1A1BD62E3B005EE7E2 /* Release */,
			);
			defaultConfigurationIsVisible = 0;
			defaultConfigurationName = Release;
		};
		78B32E1B1BD62E3B005EE7E2 /* Build configuration list for PBXNativeTarget "NoteShare" */ = {
			isa = XCConfigurationList;
			buildConfigurations = (
				78B32E1C1BD62E3B005EE7E2 /* Debug */,
				78B32E1D1BD62E3B005EE7E2 /* Release */,
			);
			defaultConfigurationIsVisible = 0;
		};
		78B32E1E1BD62E3B005EE7E2 /* Build configuration list for PBXNativeTarget "NoteShareTests" */ = {
			isa = XCConfigurationList;
			buildConfigurations = (
				78B32E1F1BD62E3B005EE7E2 /* Debug */,
				78B32E201BD62E3B005EE7E2 /* Release */,
			);
			defaultConfigurationIsVisible = 0;
		};
		78B32E211BD62E3B005EE7E2 /* Build configuration list for PBXNativeTarget "NoteShareUITests" */ = {
			isa = XCConfigurationList;
			buildConfigurations = (
				78B32E221BD62E3B005EE7E2 /* Debug */,
				78B32E231BD62E3B005EE7E2 /* Release */,
			);
			defaultConfigurationIsVisible = 0;
		};
/* End XCConfigurationList section */
	};
	rootObject = 78B32DEB1BD62E3A005EE7E2 /* Project object */;
}
